
Microsoft Visual Studio Solution File, Format Version 12.00
# Visual Studio Version 17
VisualStudioVersion = 17.10.35027.167
MinimumVisualStudioVersion = 10.0.40219.1
Project("{9A19103F-16F7-4668-BE54-9A1E7A4F7556}") = "Markcons", "Markcons.csproj", "{99042D14-9293-4C0D-BCB3-CE1CCB97A6E0}"
EndProject
Project("{FAE04EC0-301F-11D3-BF4B-00C04F79EFBC}") = "Teste", "..\Teste\Teste.csproj", "{04E0906B-9448-4F01-84A6-27EF741ED512}"
EndProject
Global
	GlobalSection(SolutionConfigurationPlatforms) = preSolution
		Debug|Any CPU = Debug|Any CPU
		Release|Any CPU = Release|Any CPU
	EndGlobalSection
	GlobalSection(ProjectConfigurationPlatforms) = postSolution
		{99042D14-9293-4C0D-BCB3-CE1CCB97A6E0}.Debug|Any CPU.ActiveCfg = Debug|Any CPU
		{99042D14-9293-4C0D-BCB3-CE1CCB97A6E0}.Debug|Any CPU.Build.0 = Debug|Any CPU
		{99042D14-9293-4C0D-BCB3-CE1CCB97A6E0}.Release|Any CPU.ActiveCfg = Release|Any CPU
		{99042D14-9293-4C0D-BCB3-CE1CCB97A6E0}.Release|Any CPU.Build.0 = Release|Any CPU
		{04E0906B-9448-4F01-84A6-27EF741ED512}.Debug|Any CPU.ActiveCfg = Debug|Any CPU
		{04E0906B-9448-4F01-84A6-27EF741ED512}.Debug|Any CPU.Build.0 = Debug|Any CPU
		{04E0906B-9448-4F01-84A6-27EF741ED512}.Release|Any CPU.ActiveCfg = Release|Any CPU
		{04E0906B-9448-4F01-84A6-27EF741ED512}.Release|Any CPU.Build.0 = Release|Any CPU
	EndGlobalSection
	GlobalSection(SolutionProperties) = preSolution
		HideSolutionNode = FALSE
	EndGlobalSection
	GlobalSection(ExtensibilityGlobals) = postSolution
		SolutionGuid = {55921AFC-DEAF-46BD-89E4-B589BBE52ACC}
	EndGlobalSection
EndGlobal
